
Microsoft Visual Studio Solution File, Format Version 12.00
# Visual Studio Version 16
VisualStudioVersion = 16.0.31321.278
MinimumVisualStudioVersion = 10.0.40219.1
Project("{9A19103F-16F7-4668-BE54-9A1E7A4F7556}") = "WebAPI", "WebAPI\WebAPI.csproj", "{9C50CEC7-AFE6-445A-A498-38CABCDE897A}"
EndProject
Project("{9A19103F-16F7-4668-BE54-9A1E7A4F7556}") = "WebApp", "WebApp\WebApp.csproj", "{6E5CDFF1-99BC-4F23-BFF4-9561CC9BEBEA}"
EndProject
Project("{FAE04EC0-301F-11D3-BF4B-00C04F79EFBC}") = "Data", "Data\Data.csproj", "{F970C130-88ED-460A-8B91-ADBC0C8B5801}"
EndProject
Global
	GlobalSection(SolutionConfigurationPlatforms) = preSolution
		Debug|Any CPU = Debug|Any CPU
		Release|Any CPU = Release|Any CPU
	EndGlobalSection
	GlobalSection(ProjectConfigurationPlatforms) = postSolution
		{9C50CEC7-AFE6-445A-A498-38CABCDE897A}.Debug|Any CPU.ActiveCfg = Debug|Any CPU
		{9C50CEC7-AFE6-445A-A498-38CABCDE897A}.Debug|Any CPU.Build.0 = Debug|Any CPU
		{9C50CEC7-AFE6-445A-A498-38CABCDE897A}.Release|Any CPU.ActiveCfg = Release|Any CPU
		{9C50CEC7-AFE6-445A-A498-38CABCDE897A}.Release|Any CPU.Build.0 = Release|Any CPU
		{6E5CDFF1-99BC-4F23-BFF4-9561CC9BEBEA}.Debug|Any CPU.ActiveCfg = Debug|Any CPU
		{6E5CDFF1-99BC-4F23-BFF4-9561CC9BEBEA}.Debug|Any CPU.Build.0 = Debug|Any CPU
		{6E5CDFF1-99BC-4F23-BFF4-9561CC9BEBEA}.Release|Any CPU.ActiveCfg = Release|Any CPU
		{6E5CDFF1-99BC-4F23-BFF4-9561CC9BEBEA}.Release|Any CPU.Build.0 = Release|Any CPU
		{F970C130-88ED-460A-8B91-ADBC0C8B5801}.Debug|Any CPU.ActiveCfg = Debug|Any CPU
		{F970C130-88ED-460A-8B91-ADBC0C8B5801}.Debug|Any CPU.Build.0 = Debug|Any CPU
		{F970C130-88ED-460A-8B91-ADBC0C8B5801}.Release|Any CPU.ActiveCfg = Release|Any CPU
		{F970C130-88ED-460A-8B91-ADBC0C8B5801}.Release|Any CPU.Build.0 = Release|Any CPU
	EndGlobalSection
	GlobalSection(SolutionProperties) = preSolution
		HideSolutionNode = FALSE
	EndGlobalSection
	GlobalSection(ExtensibilityGlobals) = postSolution
		SolutionGuid = {9A77139D-79C3-44DC-8454-18EC0C513E0F}
	EndGlobalSection
EndGlobal
