
Microsoft Visual Studio Solution File, Format Version 12.00
# Visual Studio Version 16
VisualStudioVersion = 16.0.31321.278
MinimumVisualStudioVersion = 10.0.40219.1
Project("{FAE04EC0-301F-11D3-BF4B-00C04F79EFBC}") = "ASP_dot_NET_Core_MVC_Course_dot_NET5", "ASP_dot_NET_Core_MVC_Course_dot_NET5\ASP_dot_NET_Core_MVC_Course_dot_NET5.csproj", "{19453773-78E4-488A-B99E-646B44414E65}"
EndProject
Global
	GlobalSection(SolutionConfigurationPlatforms) = preSolution
		Debug|Any CPU = Debug|Any CPU
		Release|Any CPU = Release|Any CPU
	EndGlobalSection
	GlobalSection(ProjectConfigurationPlatforms) = postSolution
		{19453773-78E4-488A-B99E-646B44414E65}.Debug|Any CPU.ActiveCfg = Debug|Any CPU
		{19453773-78E4-488A-B99E-646B44414E65}.Debug|Any CPU.Build.0 = Debug|Any CPU
		{19453773-78E4-488A-B99E-646B44414E65}.Release|Any CPU.ActiveCfg = Release|Any CPU
		{19453773-78E4-488A-B99E-646B44414E65}.Release|Any CPU.Build.0 = Release|Any CPU
	EndGlobalSection
	GlobalSection(SolutionProperties) = preSolution
		HideSolutionNode = FALSE
	EndGlobalSection
	GlobalSection(ExtensibilityGlobals) = postSolution
		SolutionGuid = {8FA46C2A-62C5-44F9-9C39-62873638B811}
	EndGlobalSection
EndGlobal
